
Microsoft Visual Studio Solution File, Format Version 12.00
# Visual Studio Version 16
VisualStudioVersion = 16.0.30225.117
MinimumVisualStudioVersion = 10.0.40219.1
Project("{FAE04EC0-301F-11D3-BF4B-00C04F79EFBC}") = "WpfApp2", "WpfApp2.csproj", "{33014B7A-E660-4318-9D70-142D8E61C65F}"
EndProject
Global
	GlobalSection(SolutionConfigurationPlatforms) = preSolution
		Debug|Any CPU = Debug|Any CPU
		Release|Any CPU = Release|Any CPU
	EndGlobalSection
	GlobalSection(ProjectConfigurationPlatforms) = postSolution
		{33014B7A-E660-4318-9D70-142D8E61C65F}.Debug|Any CPU.ActiveCfg = Debug|Any CPU
		{33014B7A-E660-4318-9D70-142D8E61C65F}.Debug|Any CPU.Build.0 = Debug|Any CPU
		{33014B7A-E660-4318-9D70-142D8E61C65F}.Release|Any CPU.ActiveCfg = Release|Any CPU
		{33014B7A-E660-4318-9D70-142D8E61C65F}.Release|Any CPU.Build.0 = Release|Any CPU
	EndGlobalSection
	GlobalSection(SolutionProperties) = preSolution
		HideSolutionNode = FALSE
	EndGlobalSection
	GlobalSection(ExtensibilityGlobals) = postSolution
		SolutionGuid = {B7F490EB-AE75-44DC-BD54-F2949E48F5FD}
	EndGlobalSection
EndGlobal
